PODS:
  - SSFloatingLabelTextField (1.0.0)

DEPENDENCIES:
  - SSFloatingLabelTextField

SPEC REPOS:
  trunk:
    - SSFloatingLabelTextField

SPEC CHECKSUMS:
  SSFloatingLabelTextField: aadd442ca3b5f5d6f6e88a9016a7770874cc6e66

PODFILE CHECKSUM: 3c2815561850d9d02f8ce4fb42b629a23776de8d

COCOAPODS: 1.11.3
